PODS:
  - libmuse (1.2.1)
  - Nimble (7.0.2)
  - Quick (1.2.0)

DEPENDENCIES:
  - libmuse (= 1.2.1)
  - Nimble
  - Quick

SPEC CHECKSUMS:
  libmuse: b62d3de615e9abc76ddafe56ce534aa1fbe86bb1
  Nimble: bfe1f814edabba69ff145cb1283e04ed636a67f2
  Quick: 58d203b1c5e27fff7229c4c1ae445ad7069a7a08

PODFILE CHECKSUM: 125eae01b3d23d4d03b586b033492a1bc8d42fa2

COCOAPODS: 1.3.1
